// !$*UTF8*$!
{
	archiveVersion = 1;
	classes = {
	};
	objectVersion = 50;
	objects = {

/* Begin PBXBuildFile section */
		044B76F1244A2836007AB0B5 /* AppDelegate.swift in Sources */ = {isa = PBXBuildFile; fileRef = 044B76F0244A2836007AB0B5 /* AppDelegate.swift */; };
		044B76F3244A2836007AB0B5 /* SceneDelegate.swift in Sources */ = {isa = PBXBuildFile; fileRef = 044B76F2244A2836007AB0B5 /* SceneDelegate.swift */; };
		044B76F7244A2838007AB0B5 /* Assets.xcassets in Resources */ = {isa = PBXBuildFile; fileRef = 044B76F6244A2838007AB0B5 /* Assets.xcassets */; };
		044B76FA244A2838007AB0B5 /* Preview Assets.xcassets in Resources */ = {isa = PBXBuildFile; fileRef = 044B76F9244A2838007AB0B5 /* Preview Assets.xcassets */; };
		044B76FD244A2838007AB0B5 /* LaunchScreen.storyboard in Resources */ = {isa = PBXBuildFile; fileRef = 044B76FB244A2838007AB0B5 /* LaunchScreen.storyboard */; };
		044B7708244A2838007AB0B5 /* SwiftUIMovieTests.swift in Sources */ = {isa = PBXBuildFile; fileRef = 044B7707244A2838007AB0B5 /* SwiftUIMovieTests.swift */; };
		044B7713244A2838007AB0B5 /* SwiftUIMovieUITests.swift in Sources */ = {isa = PBXBuildFile; fileRef = 044B7712244A2838007AB0B5 /* SwiftUIMovieUITests.swift */; };
		044B7721244A28B4007AB0B5 /* LoginView.swift in Sources */ = {isa = PBXBuildFile; fileRef = 044B7720244A28B4007AB0B5 /* LoginView.swift */; };
		044B7723244A2948007AB0B5 /* Utils.swift in Sources */ = {isa = PBXBuildFile; fileRef = 044B7722244A2948007AB0B5 /* Utils.swift */; };
		044B7725244A2D76007AB0B5 /* LoginViewModel.swift in Sources */ = {isa = PBXBuildFile; fileRef = 044B7724244A2D76007AB0B5 /* LoginViewModel.swift */; };
		044B7728244A2EC0007AB0B5 /* UserModel.swift in Sources */ = {isa = PBXBuildFile; fileRef = 044B7727244A2EC0007AB0B5 /* UserModel.swift */; };
		044B772B244A3FD5007AB0B5 /* MovieListView.swift in Sources */ = {isa = PBXBuildFile; fileRef = 044B772A244A3FD5007AB0B5 /* MovieListView.swift */; };
		04819C86244AD6CD005C0363 /* ViewRouter.swift in Sources */ = {isa = PBXBuildFile; fileRef = 04819C85244AD6CD005C0363 /* ViewRouter.swift */; };
		04819C88244AD73D005C0363 /* RootView.swift in Sources */ = {isa = PBXBuildFile; fileRef = 04819C87244AD73D005C0363 /* RootView.swift */; };
		04819C8B244ADB5B005C0363 /* MovieListViewModel.swift in Sources */ = {isa = PBXBuildFile; fileRef = 04819C8A244ADB5B005C0363 /* MovieListViewModel.swift */; };
		04819C8E244AE458005C0363 /* Toast.swift in Sources */ = {isa = PBXBuildFile; fileRef = 04819C8D244AE458005C0363 /* Toast.swift */; };
/* End PBXBuildFile section */

/* Begin PBXContainerItemProxy section */
		044B7704244A2838007AB0B5 /* PBXContainerItemProxy */ = {
			isa = PBXContainerItemProxy;
			containerPortal = 044B76E5244A2836007AB0B5 /* Project object */;
			proxyType = 1;
			remoteGlobalIDString = 044B76EC244A2836007AB0B5;
			remoteInfo = SwiftUIMovie;
		};
		044B770F244A2838007AB0B5 /* PBXContainerItemProxy */ = {
			isa = PBXContainerItemProxy;
			containerPortal = 044B76E5244A2836007AB0B5 /* Project object */;
			proxyType = 1;
			remoteGlobalIDString = 044B76EC244A2836007AB0B5;
			remoteInfo = SwiftUIMovie;
		};
/* End PBXContainerItemProxy section */

/* Begin PBXFileReference section */
		044B76ED244A2836007AB0B5 /* SwiftUIMovie.app */ = {isa = PBXFileReference; explicitFileType = wrapper.application; includeInIndex = 0; path = SwiftUIMovie.app; sourceTree = BUILT_PRODUCTS_DIR; };
		044B76F0244A2836007AB0B5 /* AppDelegate.swift */ = {isa = PBXFileReference; lastKnownFileType = sourcecode.swift; path = AppDelegate.swift; sourceTree = "<group>"; };
		044B76F2244A2836007AB0B5 /* SceneDelegate.swift */ = {isa = PBXFileReference; lastKnownFileType = sourcecode.swift; path = SceneDelegate.swift; sourceTree = "<group>"; };
		044B76F6244A2838007AB0B5 /* Assets.xcassets */ = {isa = PBXFileReference; lastKnownFileType = folder.assetcatalog; path = Assets.xcassets; sourceTree = "<group>"; };
		044B76F9244A2838007AB0B5 /* Preview Assets.xcassets */ = {isa = PBXFileReference; lastKnownFileType = folder.assetcatalog; path = "Preview Assets.xcassets"; sourceTree = "<group>"; };
		044B76FC244A2838007AB0B5 /* Base */ = {isa = PBXFileReference; lastKnownFileType = file.storyboard; name = Base; path = Base.lproj/LaunchScreen.storyboard; sourceTree = "<group>"; };
		044B76FE244A2838007AB0B5 /* Info.plist */ = {isa = PBXFileReference; lastKnownFileType = text.plist.xml; path = Info.plist; sourceTree = "<group>"; };
		044B7703244A2838007AB0B5 /* SwiftUIMovieTests.xctest */ = {isa = PBXFileReference; explicitFileType = wrapper.cfbundle; includeInIndex = 0; path = SwiftUIMovieTests.xctest; sourceTree = BUILT_PRODUCTS_DIR; };
		044B7707244A2838007AB0B5 /* SwiftUIMovieTests.swift */ = {isa = PBXFileReference; lastKnownFileType = sourcecode.swift; path = SwiftUIMovieTests.swift; sourceTree = "<group>"; };
		044B7709244A2838007AB0B5 /* Info.plist */ = {isa = PBXFileReference; lastKnownFileType = text.plist.xml; path = Info.plist; sourceTree = "<group>"; };
		044B770E244A2838007AB0B5 /* SwiftUIMovieUITests.xctest */ = {isa = PBXFileReference; explicitFileType = wrapper.cfbundle; includeInIndex = 0; path = SwiftUIMovieUITests.xctest; sourceTree = BUILT_PRODUCTS_DIR; };
		044B7712244A2838007AB0B5 /* SwiftUIMovieUITests.swift */ = {isa = PBXFileReference; lastKnownFileType = sourcecode.swift; path = SwiftUIMovieUITests.swift; sourceTree = "<group>"; };
		044B7714244A2838007AB0B5 /* Info.plist */ = {isa = PBXFileReference; lastKnownFileType = text.plist.xml; path = Info.plist; sourceTree = "<group>"; };
		044B7720244A28B4007AB0B5 /* LoginView.swift */ = {isa = PBXFileReference; lastKnownFileType = sourcecode.swift; path = LoginView.swift; sourceTree = "<group>"; };
		044B7722244A2948007AB0B5 /* Utils.swift */ = {isa = PBXFileReference; lastKnownFileType = sourcecode.swift; path = Utils.swift; sourceTree = "<group>"; };
		044B7724244A2D76007AB0B5 /* LoginViewModel.swift */ = {isa = PBXFileReference; lastKnownFileType = sourcecode.swift; path = LoginViewModel.swift; sourceTree = "<group>"; };
		044B7727244A2EC0007AB0B5 /* UserModel.swift */ = {isa = PBXFileReference; lastKnownFileType = sourcecode.swift; path = UserModel.swift; sourceTree = "<group>"; };
		044B772A244A3FD5007AB0B5 /* MovieListView.swift */ = {isa = PBXFileReference; lastKnownFileType = sourcecode.swift; path = MovieListView.swift; sourceTree = "<group>"; };
		04819C85244AD6CD005C0363 /* ViewRouter.swift */ = {isa = PBXFileReference; lastKnownFileType = sourcecode.swift; path = ViewRouter.swift; sourceTree = "<group>"; };
		04819C87244AD73D005C0363 /* RootView.swift */ = {isa = PBXFileReference; lastKnownFileType = sourcecode.swift; path = RootView.swift; sourceTree = "<group>"; };
		04819C8A244ADB5B005C0363 /* MovieListViewModel.swift */ = {isa = PBXFileReference; lastKnownFileType = sourcecode.swift; path = MovieListViewModel.swift; sourceTree = "<group>"; };
		04819C8D244AE458005C0363 /* Toast.swift */ = {isa = PBXFileReference; lastKnownFileType = sourcecode.swift; path = Toast.swift; sourceTree = "<group>"; };
/* End PBXFileReference section */

/* Begin PBXFrameworksBuildPhase section */
		044B76EA244A2836007AB0B5 /* Frameworks */ = {
			isa = PBXFrameworksBuildPhase;
			buildActionMask = 2147483647;
			files = (
			);
			runOnlyForDeploymentPostprocessing = 0;
		};
		044B7700244A2838007AB0B5 /* Frameworks */ = {
			isa = PBXFrameworksBuildPhase;
			buildActionMask = 2147483647;
			files = (
			);
			runOnlyForDeploymentPostprocessing = 0;
		};
		044B770B244A2838007AB0B5 /* Frameworks */ = {
			isa = PBXFrameworksBuildPhase;
			buildActionMask = 2147483647;
			files = (
			);
			runOnlyForDeploymentPostprocessing = 0;
		};
/* End PBXFrameworksBuildPhase section */

/* Begin PBXGroup section */
		044B76E4244A2836007AB0B5 = {
			isa = PBXGroup;
			children = (
				044B76EF244A2836007AB0B5 /* SwiftUIMovie */,
				044B7706244A2838007AB0B5 /* SwiftUIMovieTests */,
				044B7711244A2838007AB0B5 /* SwiftUIMovieUITests */,
				044B76EE244A2836007AB0B5 /* Products */,
			);
			sourceTree = "<group>";
		};
		044B76EE244A2836007AB0B5 /* Products */ = {
			isa = PBXGroup;
			children = (
				044B76ED244A2836007AB0B5 /* SwiftUIMovie.app */,
				044B7703244A2838007AB0B5 /* SwiftUIMovieTests.xctest */,
				044B770E244A2838007AB0B5 /* SwiftUIMovieUITests.xctest */,
			);
			name = Products;
			sourceTree = "<group>";
		};
		044B76EF244A2836007AB0B5 /* SwiftUIMovie */ = {
			isa = PBXGroup;
			children = (
				04819C8C244AE44B005C0363 /* Common Views */,
				04819C89244ADAAB005C0363 /* RootView */,
				044B7729244A3FC3007AB0B5 /* Movie List */,
				044B7726244A2D7E007AB0B5 /* Login */,
				044B76F0244A2836007AB0B5 /* AppDelegate.swift */,
				044B76F2244A2836007AB0B5 /* SceneDelegate.swift */,
				044B7722244A2948007AB0B5 /* Utils.swift */,
				044B76F6244A2838007AB0B5 /* Assets.xcassets */,
				044B76FB244A2838007AB0B5 /* LaunchScreen.storyboard */,
				044B76FE244A2838007AB0B5 /* Info.plist */,
				044B76F8244A2838007AB0B5 /* Preview Content */,
			);
			path = SwiftUIMovie;
			sourceTree = "<group>";
		};
		044B76F8244A2838007AB0B5 /* Preview Content */ = {
			isa = PBXGroup;
			children = (
				044B76F9244A2838007AB0B5 /* Preview Assets.xcassets */,
			);
			path = "Preview Content";
			sourceTree = "<group>";
		};
		044B7706244A2838007AB0B5 /* SwiftUIMovieTests */ = {
			isa = PBXGroup;
			children = (
				044B7707244A2838007AB0B5 /* SwiftUIMovieTests.swift */,
				044B7709244A2838007AB0B5 /* Info.plist */,
			);
			path = SwiftUIMovieTests;
			sourceTree = "<group>";
		};
		044B7711244A2838007AB0B5 /* SwiftUIMovieUITests */ = {
			isa = PBXGroup;
			children = (
				044B7712244A2838007AB0B5 /* SwiftUIMovieUITests.swift */,
				044B7714244A2838007AB0B5 /* Info.plist */,
			);
			path = SwiftUIMovieUITests;
			sourceTree = "<group>";
		};
		044B7726244A2D7E007AB0B5 /* Login */ = {
			isa = PBXGroup;
			children = (
				044B7720244A28B4007AB0B5 /* LoginView.swift */,
				044B7724244A2D76007AB0B5 /* LoginViewModel.swift */,
				044B7727244A2EC0007AB0B5 /* UserModel.swift */,
			);
			path = Login;
			sourceTree = "<group>";
		};
		044B7729244A3FC3007AB0B5 /* Movie List */ = {
			isa = PBXGroup;
			children = (
				044B772A244A3FD5007AB0B5 /* MovieListView.swift */,
				04819C8A244ADB5B005C0363 /* MovieListViewModel.swift */,
			);
			path = "Movie List";
			sourceTree = "<group>";
		};
		04819C89244ADAAB005C0363 /* RootView */ = {
			isa = PBXGroup;
			children = (
				04819C85244AD6CD005C0363 /* ViewRouter.swift */,
				04819C87244AD73D005C0363 /* RootView.swift */,
			);
			path = RootView;
			sourceTree = "<group>";
		};
		04819C8C244AE44B005C0363 /* Common Views */ = {
			isa = PBXGroup;
			children = (
				04819C8D244AE458005C0363 /* Toast.swift */,
			);
			path = "Common Views";
			sourceTree = "<group>";
		};
/* End PBXGroup section */

/* Begin PBXNativeTarget section */
		044B76EC244A2836007AB0B5 /* SwiftUIMovie */ = {
			isa = PBXNativeTarget;
			buildConfigurationList = 044B7717244A2838007AB0B5 /* Build configuration list for PBXNativeTarget "SwiftUIMovie" */;
			buildPhases = (
				044B76E9244A2836007AB0B5 /* Sources */,
				044B76EA244A2836007AB0B5 /* Frameworks */,
				044B76EB244A2836007AB0B5 /* Resources */,
			);
			buildRules = (
			);
			dependencies = (
			);
			name = SwiftUIMovie;
			productName = SwiftUIMovie;
			productReference = 044B76ED244A2836007AB0B5 /* SwiftUIMovie.app */;
			productType = "com.apple.product-type.application";
		};
		044B7702244A2838007AB0B5 /* SwiftUIMovieTests */ = {
			isa = PBXNativeTarget;
			buildConfigurationList = 044B771A244A2838007AB0B5 /* Build configuration list for PBXNativeTarget "SwiftUIMovieTests" */;
			buildPhases = (
				044B76FF244A2838007AB0B5 /* Sources */,
				044B7700244A2838007AB0B5 /* Frameworks */,
				044B7701244A2838007AB0B5 /* Resources */,
			);
			buildRules = (
			);
			dependencies = (
				044B7705244A2838007AB0B5 /* PBXTargetDependency */,
			);
			name = SwiftUIMovieTests;
			productName = SwiftUIMovieTests;
			productReference = 044B7703244A2838007AB0B5 /* SwiftUIMovieTests.xctest */;
			productType = "com.apple.product-type.bundle.unit-test";
		};
		044B770D244A2838007AB0B5 /* SwiftUIMovieUITests */ = {
			isa = PBXNativeTarget;
			buildConfigurationList = 044B771D244A2838007AB0B5 /* Build configuration list for PBXNativeTarget "SwiftUIMovieUITests" */;
			buildPhases = (
				044B770A244A2838007AB0B5 /* Sources */,
				044B770B244A2838007AB0B5 /* Frameworks */,
				044B770C244A2838007AB0B5 /* Resources */,
			);
			buildRules = (
			);
			dependencies = (
				044B7710244A2838007AB0B5 /* PBXTargetDependency */,
			);
			name = SwiftUIMovieUITests;
			productName = SwiftUIMovieUITests;
			productReference = 044B770E244A2838007AB0B5 /* SwiftUIMovieUITests.xctest */;
			productType = "com.apple.product-type.bundle.ui-testing";
		};
/* End PBXNativeTarget section */

/* Begin PBXProject section */
		044B76E5244A2836007AB0B5 /* Project object */ = {
			isa = PBXProject;
			attributes = {
				LastSwiftUpdateCheck = 1130;
				LastUpgradeCheck = 1130;
				ORGANIZATIONNAME = "Jeevan-1382";
				TargetAttributes = {
					044B76EC244A2836007AB0B5 = {
						CreatedOnToolsVersion = 11.3.1;
					};
					044B7702244A2838007AB0B5 = {
						CreatedOnToolsVersion = 11.3.1;
						TestTargetID = 044B76EC244A2836007AB0B5;
					};
					044B770D244A2838007AB0B5 = {
						CreatedOnToolsVersion = 11.3.1;
						TestTargetID = 044B76EC244A2836007AB0B5;
					};
				};
			};
			buildConfigurationList = 044B76E8244A2836007AB0B5 /* Build configuration list for PBXProject "SwiftUIMovie" */;
			compatibilityVersion = "Xcode 9.3";
			developmentRegion = en;
			hasScannedForEncodings = 0;
			knownRegions = (
				en,
				Base,
			);
			mainGroup = 044B76E4244A2836007AB0B5;
			productRefGroup = 044B76EE244A2836007AB0B5 /* Products */;
			projectDirPath = "";
			projectRoot = "";
			targets = (
				044B76EC244A2836007AB0B5 /* SwiftUIMovie */,
				044B7702244A2838007AB0B5 /* SwiftUIMovieTests */,
				044B770D244A2838007AB0B5 /* SwiftUIMovieUITests */,
			);
		};
/* End PBXProject section */

/* Begin PBXResourcesBuildPhase section */
		044B76EB244A2836007AB0B5 /* Resources */ = {
			isa = PBXResourcesBuildPhase;
			buildActionMask = 2147483647;
			files = (
				044B76FD244A2838007AB0B5 /* LaunchScreen.storyboard in Resources */,
				044B76FA244A2838007AB0B5 /* Preview Assets.xcassets in Resources */,
				044B76F7244A2838007AB0B5 /* Assets.xcassets in Resources */,
			);
			runOnlyForDeploymentPostprocessing = 0;
		};
		044B7701244A2838007AB0B5 /* Resources */ = {
			isa = PBXResourcesBuildPhase;
			buildActionMask = 2147483647;
			files = (
			);
			runOnlyForDeploymentPostprocessing = 0;
		};
		044B770C244A2838007AB0B5 /* Resources */ = {
			isa = PBXResourcesBuildPhase;
			buildActionMask = 2147483647;
			files = (
			);
			runOnlyForDeploymentPostprocessing = 0;
		};
/* End PBXResourcesBuildPhase section */

/* Begin PBXSourcesBuildPhase section */
		044B76E9244A2836007AB0B5 /* Sources */ = {
			isa = PBXSourcesBuildPhase;
			buildActionMask = 2147483647;
			files = (
				044B7723244A2948007AB0B5 /* Utils.swift in Sources */,
				044B7728244A2EC0007AB0B5 /* UserModel.swift in Sources */,
				044B76F1244A2836007AB0B5 /* AppDelegate.swift in Sources */,
				044B7725244A2D76007AB0B5 /* LoginViewModel.swift in Sources */,
				044B76F3244A2836007AB0B5 /* SceneDelegate.swift in Sources */,
				04819C88244AD73D005C0363 /* RootView.swift in Sources */,
				044B772B244A3FD5007AB0B5 /* MovieListView.swift in Sources */,
				044B7721244A28B4007AB0B5 /* LoginView.swift in Sources */,
				04819C8E244AE458005C0363 /* Toast.swift in Sources */,
				04819C86244AD6CD005C0363 /* ViewRouter.swift in Sources */,
				04819C8B244ADB5B005C0363 /* MovieListViewModel.swift in Sources */,
			);
			runOnlyForDeploymentPostprocessing = 0;
		};
		044B76FF244A2838007AB0B5 /* Sources */ = {
			isa = PBXSourcesBuildPhase;
			buildActionMask = 2147483647;
			files = (
				044B7708244A2838007AB0B5 /* SwiftUIMovieTests.swift in Sources */,
			);
			runOnlyForDeploymentPostprocessing = 0;
		};
		044B770A244A2838007AB0B5 /* Sources */ = {
			isa = PBXSourcesBuildPhase;
			buildActionMask = 2147483647;
			files = (
				044B7713244A2838007AB0B5 /* SwiftUIMovieUITests.swift in Sources */,
			);
			runOnlyForDeploymentPostprocessing = 0;
		};
/* End PBXSourcesBuildPhase section */

/* Begin PBXTargetDependency section */
		044B7705244A2838007AB0B5 /* PBXTargetDependency */ = {
			isa = PBXTargetDependency;
			target = 044B76EC244A2836007AB0B5 /* SwiftUIMovie */;
			targetProxy = 044B7704244A2838007AB0B5 /* PBXContainerItemProxy */;
		};
		044B7710244A2838007AB0B5 /* PBXTargetDependency */ = {
			isa = PBXTargetDependency;
			target = 044B76EC244A2836007AB0B5 /* SwiftUIMovie */;
			targetProxy = 044B770F244A2838007AB0B5 /* PBXContainerItemProxy */;
		};
/* End PBXTargetDependency section */

/* Begin PBXVariantGroup section */
		044B76FB244A2838007AB0B5 /* LaunchScreen.storyboard */ = {
			isa = PBXVariantGroup;
			children = (
				044B76FC244A2838007AB0B5 /* Base */,
			);
			name = LaunchScreen.storyboard;
			sourceTree = "<group>";
		};
/* End PBXVariantGroup section */

/* Begin XCBuildConfiguration section */
		044B7715244A2838007AB0B5 /* Debug */ = {
			isa = XCBuildConfiguration;
			buildSettings = {
				ALWAYS_SEARCH_USER_PATHS = NO;
				CLANG_ANALYZER_NONNULL = YES;
				CLANG_ANALYZER_NUMBER_OBJECT_CONVERSION = YES_AGGRESSIVE;
				CLANG_CXX_LANGUAGE_STANDARD = "gnu++14";
				CLANG_CXX_LIBRARY = "libc++";
				CLANG_ENABLE_MODULES = YES;
				CLANG_ENABLE_OBJC_ARC = YES;
				CLANG_ENABLE_OBJC_WEAK = YES;
				CLANG_WARN_BLOCK_CAPTURE_AUTORELEASING = YES;
				CLANG_WARN_BOOL_CONVERSION = YES;
				CLANG_WARN_COMMA = YES;
				CLANG_WARN_CONSTANT_CONVERSION = YES;
				CLANG_WARN_DEPRECATED_OBJC_IMPLEMENTATIONS = YES;
				CLANG_WARN_DIRECT_OBJC_ISA_USAGE = YES_ERROR;
				CLANG_WARN_DOCUMENTATION_COMMENTS = YES;
				CLANG_WARN_EMPTY_BODY = YES;
				CLANG_WARN_ENUM_CONVERSION = YES;
				CLANG_WARN_INFINITE_RECURSION = YES;
				CLANG_WARN_INT_CONVERSION = YES;
				CLANG_WARN_NON_LITERAL_NULL_CONVERSION = YES;
				CLANG_WARN_OBJC_IMPLICIT_RETAIN_SELF = YES;
				CLANG_WARN_OBJC_LITERAL_CONVERSION = YES;
				CLANG_WARN_OBJC_ROOT_CLASS = YES_ERROR;
				CLANG_WARN_RANGE_LOOP_ANALYSIS = YES;
				CLANG_WARN_STRICT_PROTOTYPES = YES;
				CLANG_WARN_SUSPICIOUS_MOVE = YES;
				CLANG_WARN_UNGUARDED_AVAILABILITY = YES_AGGRESSIVE;
				CLANG_WARN_UNREACHABLE_CODE = YES;
				CLANG_WARN__DUPLICATE_METHOD_MATCH = YES;
				COPY_PHASE_STRIP = NO;
				DEBUG_INFORMATION_FORMAT = dwarf;
				ENABLE_STRICT_OBJC_MSGSEND = YES;
				ENABLE_TESTABILITY = YES;
				GCC_C_LANGUAGE_STANDARD = gnu11;
				GCC_DYNAMIC_NO_PIC = NO;
				GCC_NO_COMMON_BLOCKS = YES;
				GCC_OPTIMIZATION_LEVEL = 0;
				GCC_PREPROCESSOR_DEFINITIONS = (
					"DEBUG=1",
					"$(inherited)",
				);
				GCC_WARN_64_TO_32_BIT_CONVERSION = YES;
				GCC_WARN_ABOUT_RETURN_TYPE = YES_ERROR;
				GCC_WARN_UNDECLARED_SELECTOR = YES;
				GCC_WARN_UNINITIALIZED_AUTOS = YES_AGGRESSIVE;
				GCC_WARN_UNUSED_FUNCTION = YES;
				GCC_WARN_UNUSED_VARIABLE = YES;
				IPHONEOS_DEPLOYMENT_TARGET = 13.2;
				MTL_ENABLE_DEBUG_INFO = INCLUDE_SOURCE;
				MTL_FAST_MATH = YES;
				ONLY_ACTIVE_ARCH = YES;
				SDKROOT = iphoneos;
				SWIFT_ACTIVE_COMPILATION_CONDITIONS = DEBUG;
				SWIFT_OPTIMIZATION_LEVEL = "-Onone";
			};
			name = Debug;
		};
		044B7716244A2838007AB0B5 /* Release */ = {
			isa = XCBuildConfiguration;
			buildSettings = {
				ALWAYS_SEARCH_USER_PATHS = NO;
				CLANG_ANALYZER_NONNULL = YES;
				CLANG_ANALYZER_NUMBER_OBJECT_CONVERSION = YES_AGGRESSIVE;
				CLANG_CXX_LANGUAGE_STANDARD = "gnu++14";
				CLANG_CXX_LIBRARY = "libc++";
				CLANG_ENABLE_MODULES = YES;
				CLANG_ENABLE_OBJC_ARC = YES;
				CLANG_ENABLE_OBJC_WEAK = YES;
				CLANG_WARN_BLOCK_CAPTURE_AUTORELEASING = YES;
				CLANG_WARN_BOOL_CONVERSION = YES;
				CLANG_WARN_COMMA = YES;
				CLANG_WARN_CONSTANT_CONVERSION = YES;
				CLANG_WARN_DEPRECATED_OBJC_IMPLEMENTATIONS = YES;
				CLANG_WARN_DIRECT_OBJC_ISA_USAGE = YES_ERROR;
				CLANG_WARN_DOCUMENTATION_COMMENTS = YES;
				CLANG_WARN_EMPTY_BODY = YES;
				CLANG_WARN_ENUM_CONVERSION = YES;
				CLANG_WARN_INFINITE_RECURSION = YES;
				CLANG_WARN_INT_CONVERSION = YES;
				CLANG_WARN_NON_LITERAL_NULL_CONVERSION = YES;
				CLANG_WARN_OBJC_IMPLICIT_RETAIN_SELF = YES;
				CLANG_WARN_OBJC_LITERAL_CONVERSION = YES;
				CLANG_WARN_OBJC_ROOT_CLASS = YES_ERROR;
				CLANG_WARN_RANGE_LOOP_ANALYSIS = YES;
				CLANG_WARN_STRICT_PROTOTYPES = YES;
				CLANG_WARN_SUSPICIOUS_MOVE = YES;
				CLANG_WARN_UNGUARDED_AVAILABILITY = YES_AGGRESSIVE;
				CLANG_WARN_UNREACHABLE_CODE = YES;
				CLANG_WARN__DUPLICATE_METHOD_MATCH = YES;
				COPY_PHASE_STRIP = NO;
				DEBUG_INFORMATION_FORMAT = "dwarf-with-dsym";
				ENABLE_NS_ASSERTIONS = NO;
				ENABLE_STRICT_OBJC_MSGSEND = YES;
				GCC_C_LANGUAGE_STANDARD = gnu11;
				GCC_NO_COMMON_BLOCKS = YES;
				GCC_WARN_64_TO_32_BIT_CONVERSION = YES;
				GCC_WARN_ABOUT_RETURN_TYPE = YES_ERROR;
				GCC_WARN_UNDECLARED_SELECTOR = YES;
				GCC_WARN_UNINITIALIZED_AUTOS = YES_AGGRESSIVE;
				GCC_WARN_UNUSED_FUNCTION = YES;
				GCC_WARN_UNUSED_VARIABLE = YES;
				IPHONEOS_DEPLOYMENT_TARGET = 13.2;
				MTL_ENABLE_DEBUG_INFO = NO;
				MTL_FAST_MATH = YES;
				SDKROOT = iphoneos;
				SWIFT_COMPILATION_MODE = wholemodule;
				SWIFT_OPTIMIZATION_LEVEL = "-O";
				VALIDATE_PRODUCT = YES;
			};
			name = Release;
		};
		044B7718244A2838007AB0B5 /* Debug */ = {
			isa = XCBuildConfiguration;
			buildSettings = {
				ASSETCATALOG_COMPILER_APPICON_NAME = AppIcon;
				CODE_SIGN_STYLE = Automatic;
				DEVELOPMENT_ASSET_PATHS = "\"SwiftUIMovie/Preview Content\"";
				DEVELOPMENT_TEAM = H7S27MGJS8;
				ENABLE_PREVIEWS = YES;
				INFOPLIST_FILE = SwiftUIMovie/Info.plist;
				LD_RUNPATH_SEARCH_PATHS = (
					"$(inherited)",
					"@executable_path/Frameworks",
				);
				PRODUCT_BUNDLE_IDENTIFIER = AIL.SwiftUIMovie;
				PRODUCT_NAME = "$(TARGET_NAME)";
				SWIFT_VERSION = 5.0;
				TARGETED_DEVICE_FAMILY = "1,2";
			};
			name = Debug;
		};
		044B7719244A2838007AB0B5 /* Release */ = {
			isa = XCBuildConfiguration;
			buildSettings = {
				ASSETCATALOG_COMPILER_APPICON_NAME = AppIcon;
				CODE_SIGN_STYLE = Automatic;
				DEVELOPMENT_ASSET_PATHS = "\"SwiftUIMovie/Preview Content\"";
				DEVELOPMENT_TEAM = H7S27MGJS8;
				ENABLE_PREVIEWS = YES;
				INFOPLIST_FILE = SwiftUIMovie/Info.plist;
				LD_RUNPATH_SEARCH_PATHS = (
					"$(inherited)",
					"@executable_path/Frameworks",
				);
				PRODUCT_BUNDLE_IDENTIFIER = AIL.SwiftUIMovie;
				PRODUCT_NAME = "$(TARGET_NAME)";
				SWIFT_VERSION = 5.0;
				TARGETED_DEVICE_FAMILY = "1,2";
			};
			name = Release;
		};
		044B771B244A2838007AB0B5 /* Debug */ = {
			isa = XCBuildConfiguration;
			buildSettings = {
				ALWAYS_EMBED_SWIFT_STANDARD_LIBRARIES = YES;
				BUNDLE_LOADER = "$(TEST_HOST)";
				CODE_SIGN_STYLE = Automatic;
				DEVELOPMENT_TEAM = H7S27MGJS8;
				INFOPLIST_FILE = SwiftUIMovieTests/Info.plist;
				IPHONEOS_DEPLOYMENT_TARGET = 13.2;
				LD_RUNPATH_SEARCH_PATHS = (
					"$(inherited)",
					"@executable_path/Frameworks",
					"@loader_path/Frameworks",
				);
				PRODUCT_BUNDLE_IDENTIFIER = AIL.SwiftUIMovieTests;
				PRODUCT_NAME = "$(TARGET_NAME)";
				SWIFT_VERSION = 5.0;
				TARGETED_DEVICE_FAMILY = "1,2";
				TEST_HOST = "$(BUILT_PRODUCTS_DIR)/SwiftUIMovie.app/SwiftUIMovie";
			};
			name = Debug;
		};
		044B771C244A2838007AB0B5 /* Release */ = {
			isa = XCBuildConfiguration;
			buildSettings = {
				ALWAYS_EMBED_SWIFT_STANDARD_LIBRARIES = YES;
				BUNDLE_LOADER = "$(TEST_HOST)";
				CODE_SIGN_STYLE = Automatic;
				DEVELOPMENT_TEAM = H7S27MGJS8;
				INFOPLIST_FILE = SwiftUIMovieTests/Info.plist;
				IPHONEOS_DEPLOYMENT_TARGET = 13.2;
				LD_RUNPATH_SEARCH_PATHS = (
					"$(inherited)",
					"@executable_path/Frameworks",
					"@loader_path/Frameworks",
				);
				PRODUCT_BUNDLE_IDENTIFIER = AIL.SwiftUIMovieTests;
				PRODUCT_NAME = "$(TARGET_NAME)";
				SWIFT_VERSION = 5.0;
				TARGETED_DEVICE_FAMILY = "1,2";
				TEST_HOST = "$(BUILT_PRODUCTS_DIR)/SwiftUIMovie.app/SwiftUIMovie";
			};
			name = Release;
		};
		044B771E244A2838007AB0B5 /* Debug */ = {
			isa = XCBuildConfiguration;
			buildSettings = {
				ALWAYS_EMBED_SWIFT_STANDARD_LIBRARIES = YES;
				CODE_SIGN_STYLE = Automatic;
				DEVELOPMENT_TEAM = H7S27MGJS8;
				INFOPLIST_FILE = SwiftUIMovieUITests/Info.plist;
				LD_RUNPATH_SEARCH_PATHS = (
					"$(inherited)",
					"@executable_path/Frameworks",
					"@loader_path/Frameworks",
				);
				PRODUCT_BUNDLE_IDENTIFIER = AIL.SwiftUIMovieUITests;
				PRODUCT_NAME = "$(TARGET_NAME)";
				SWIFT_VERSION = 5.0;
				TARGETED_DEVICE_FAMILY = "1,2";
				TEST_TARGET_NAME = SwiftUIMovie;
			};
			name = Debug;
		};
		044B771F244A2838007AB0B5 /* Release */ = {
			isa = XCBuildConfiguration;
			buildSettings = {
				ALWAYS_EMBED_SWIFT_STANDARD_LIBRARIES = YES;
				CODE_SIGN_STYLE = Automatic;
				DEVELOPMENT_TEAM = H7S27MGJS8;
				INFOPLIST_FILE = SwiftUIMovieUITests/Info.plist;
				LD_RUNPATH_SEARCH_PATHS = (
					"$(inherited)",
					"@executable_path/Frameworks",
					"@loader_path/Frameworks",
				);
				PRODUCT_BUNDLE_IDENTIFIER = AIL.SwiftUIMovieUITests;
				PRODUCT_NAME = "$(TARGET_NAME)";
				SWIFT_VERSION = 5.0;
				TARGETED_DEVICE_FAMILY = "1,2";
				TEST_TARGET_NAME = SwiftUIMovie;
			};
			name = Release;
		};
/* End XCBuildConfiguration section */

/* Begin XCConfigurationList section */
		044B76E8244A2836007AB0B5 /* Build configuration list for PBXProject "SwiftUIMovie" */ = {
			isa = XCConfigurationList;
			buildConfigurations = (
				044B7715244A2838007AB0B5 /* Debug */,
				044B7716244A2838007AB0B5 /* Release */,
			);
			defaultConfigurationIsVisible = 0;
			defaultConfigurationName = Release;
		};
		044B7717244A2838007AB0B5 /* Build configuration list for PBXNativeTarget "SwiftUIMovie" */ = {
			isa = XCConfigurationList;
			buildConfigurations = (
				044B7718244A2838007AB0B5 /* Debug */,
				044B7719244A2838007AB0B5 /* Release */,
			);
			defaultConfigurationIsVisible = 0;
			defaultConfigurationName = Release;
		};
		044B771A244A2838007AB0B5 /* Build configuration list for PBXNativeTarget "SwiftUIMovieTests" */ = {
			isa = XCConfigurationList;
			buildConfigurations = (
				044B771B244A2838007AB0B5 /* Debug */,
				044B771C244A2838007AB0B5 /* Release */,
			);
			defaultConfigurationIsVisible = 0;
			defaultConfigurationName = Release;
		};
		044B771D244A2838007AB0B5 /* Build configuration list for PBXNativeTarget "SwiftUIMovieUITests" */ = {
			isa = XCConfigurationList;
			buildConfigurations = (
				044B771E244A2838007AB0B5 /* Debug */,
				044B771F244A2838007AB0B5 /* Release */,
			);
			defaultConfigurationIsVisible = 0;
			defaultConfigurationName = Release;
		};
/* End XCConfigurationList section */
	};
	rootObject = 044B76E5244A2836007AB0B5 /* Project object */;
}
